
Microsoft Visual Studio Solution File, Format Version 12.00
# Visual Studio Version 17
VisualStudioVersion = 17.11.35222.181
MinimumVisualStudioVersion = 10.0.40219.1
Project("{FAE04EC0-301F-11D3-BF4B-00C04F79EFBC}") = "лаба5 завдання 2", "лаба5 завдання 2\лаба5 завдання 2.csproj", "{58039148-402A-4AAA-B0E8-3278B731D5B7}"
EndProject
Global
	GlobalSection(SolutionConfigurationPlatforms) = preSolution
		Debug|Any CPU = Debug|Any CPU
		Release|Any CPU = Release|Any CPU
	EndGlobalSection
	GlobalSection(ProjectConfigurationPlatforms) = postSolution
		{58039148-402A-4AAA-B0E8-3278B731D5B7}.Debug|Any CPU.ActiveCfg = Debug|Any CPU
		{58039148-402A-4AAA-B0E8-3278B731D5B7}.Debug|Any CPU.Build.0 = Debug|Any CPU
		{58039148-402A-4AAA-B0E8-3278B731D5B7}.Release|Any CPU.ActiveCfg = Release|Any CPU
		{58039148-402A-4AAA-B0E8-3278B731D5B7}.Release|Any CPU.Build.0 = Release|Any CPU
	EndGlobalSection
	GlobalSection(SolutionProperties) = preSolution
		HideSolutionNode = FALSE
	EndGlobalSection
	GlobalSection(ExtensibilityGlobals) = postSolution
		SolutionGuid = {0E301993-4757-451B-9D31-A320B72B42A1}
	EndGlobalSection
EndGlobal
